
Microsoft Visual Studio Solution File, Format Version 12.00
# Visual Studio 14
VisualStudioVersion = 14.0.23107.0
MinimumVisualStudioVersion = 10.0.40219.1
Project("{FAE04EC0-301F-11D3-BF4B-00C04F79EFBC}") = "FireAndExplosionHazards.BLL", "FireAndExplosionHazards.BLL\FireAndExplosionHazards.BLL.csproj", "{07DA3670-0627-48BC-AC32-8AED552E2AA2}"
EndProject
Project("{FAE04EC0-301F-11D3-BF4B-00C04F79EFBC}") = "FireAndExplosionHazards.UI", "FireAndExplosionHazards.UI\FireAndExplosionHazards.UI.csproj", "{5280E569-BC38-497C-89BD-682E907E512E}"
EndProject
Global
	GlobalSection(SolutionConfigurationPlatforms) = preSolution
		Debug|Any CPU = Debug|Any CPU
		Release|Any CPU = Release|Any CPU
	EndGlobalSection
	GlobalSection(ProjectConfigurationPlatforms) = postSolution
		{07DA3670-0627-48BC-AC32-8AED552E2AA2}.Debug|Any CPU.ActiveCfg = Debug|Any CPU
		{07DA3670-0627-48BC-AC32-8AED552E2AA2}.Debug|Any CPU.Build.0 = Debug|Any CPU
		{07DA3670-0627-48BC-AC32-8AED552E2AA2}.Release|Any CPU.ActiveCfg = Release|Any CPU
		{07DA3670-0627-48BC-AC32-8AED552E2AA2}.Release|Any CPU.Build.0 = Release|Any CPU
		{5280E569-BC38-497C-89BD-682E907E512E}.Debug|Any CPU.ActiveCfg = Debug|Any CPU
		{5280E569-BC38-497C-89BD-682E907E512E}.Debug|Any CPU.Build.0 = Debug|Any CPU
		{5280E569-BC38-497C-89BD-682E907E512E}.Release|Any CPU.ActiveCfg = Release|Any CPU
		{5280E569-BC38-497C-89BD-682E907E512E}.Release|Any CPU.Build.0 = Release|Any CPU
	EndGlobalSection
	GlobalSection(SolutionProperties) = preSolution
		HideSolutionNode = FALSE
	EndGlobalSection
EndGlobal
