
Microsoft Visual Studio Solution File, Format Version 12.00
# Visual Studio 14
VisualStudioVersion = 14.0.23107.0
MinimumVisualStudioVersion = 10.0.40219.1
Project("{FAE04EC0-301F-11D3-BF4B-00C04F79EFBC}") = "DataLayer", "DAL\DataLayer.csproj", "{1E3B06A4-722E-4143-8BBF-370EE966F512}"
EndProject
Project("{FAE04EC0-301F-11D3-BF4B-00C04F79EFBC}") = "BusinessLayer", "BLL\BusinessLayer.csproj", "{C4BA2F75-8168-4FB9-84AC-695E85CAB38B}"
EndProject
Project("{FAE04EC0-301F-11D3-BF4B-00C04F79EFBC}") = "Cross-Cutting", "Cross-Cutting\Cross-Cutting.csproj", "{726312F4-35EF-4750-9505-53F3FF98FF59}"
EndProject
Project("{FAE04EC0-301F-11D3-BF4B-00C04F79EFBC}") = "PresentationLayer.WebUI", "PresentationLayer.WebUI\PresentationLayer.WebUI.csproj", "{775502D2-49E3-447E-8050-3FEBFFE9990E}"
EndProject
Project("{FAE04EC0-301F-11D3-BF4B-00C04F79EFBC}") = "Tests", "Tests\Tests.csproj", "{60FDC2FA-22D2-4405-A231-3DD2DE900D6A}"
EndProject
Global
	GlobalSection(SolutionConfigurationPlatforms) = preSolution
		Debug|Any CPU = Debug|Any CPU
		Release|Any CPU = Release|Any CPU
	EndGlobalSection
	GlobalSection(ProjectConfigurationPlatforms) = postSolution
		{1E3B06A4-722E-4143-8BBF-370EE966F512}.Debug|Any CPU.ActiveCfg = Debug|Any CPU
		{1E3B06A4-722E-4143-8BBF-370EE966F512}.Debug|Any CPU.Build.0 = Debug|Any CPU
		{1E3B06A4-722E-4143-8BBF-370EE966F512}.Release|Any CPU.ActiveCfg = Release|Any CPU
		{1E3B06A4-722E-4143-8BBF-370EE966F512}.Release|Any CPU.Build.0 = Release|Any CPU
		{C4BA2F75-8168-4FB9-84AC-695E85CAB38B}.Debug|Any CPU.ActiveCfg = Debug|Any CPU
		{C4BA2F75-8168-4FB9-84AC-695E85CAB38B}.Debug|Any CPU.Build.0 = Debug|Any CPU
		{C4BA2F75-8168-4FB9-84AC-695E85CAB38B}.Release|Any CPU.ActiveCfg = Release|Any CPU
		{C4BA2F75-8168-4FB9-84AC-695E85CAB38B}.Release|Any CPU.Build.0 = Release|Any CPU
		{726312F4-35EF-4750-9505-53F3FF98FF59}.Debug|Any CPU.ActiveCfg = Debug|Any CPU
		{726312F4-35EF-4750-9505-53F3FF98FF59}.Debug|Any CPU.Build.0 = Debug|Any CPU
		{726312F4-35EF-4750-9505-53F3FF98FF59}.Release|Any CPU.ActiveCfg = Release|Any CPU
		{726312F4-35EF-4750-9505-53F3FF98FF59}.Release|Any CPU.Build.0 = Release|Any CPU
		{775502D2-49E3-447E-8050-3FEBFFE9990E}.Debug|Any CPU.ActiveCfg = Debug|Any CPU
		{775502D2-49E3-447E-8050-3FEBFFE9990E}.Debug|Any CPU.Build.0 = Debug|Any CPU
		{775502D2-49E3-447E-8050-3FEBFFE9990E}.Release|Any CPU.ActiveCfg = Release|Any CPU
		{775502D2-49E3-447E-8050-3FEBFFE9990E}.Release|Any CPU.Build.0 = Release|Any CPU
		{60FDC2FA-22D2-4405-A231-3DD2DE900D6A}.Debug|Any CPU.ActiveCfg = Debug|Any CPU
		{60FDC2FA-22D2-4405-A231-3DD2DE900D6A}.Debug|Any CPU.Build.0 = Debug|Any CPU
		{60FDC2FA-22D2-4405-A231-3DD2DE900D6A}.Release|Any CPU.ActiveCfg = Release|Any CPU
		{60FDC2FA-22D2-4405-A231-3DD2DE900D6A}.Release|Any CPU.Build.0 = Release|Any CPU
	EndGlobalSection
	GlobalSection(SolutionProperties) = preSolution
		HideSolutionNode = FALSE
	EndGlobalSection
EndGlobal
