
Microsoft Visual Studio Solution File, Format Version 12.00
# Visual Studio 14
VisualStudioVersion = 14.0.23107.0
MinimumVisualStudioVersion = 10.0.40219.1
Project("{FAE04EC0-301F-11D3-BF4B-00C04F79EFBC}") = "SEO_Analyzer.WebUI", "SEO_Analyzer\SEO_Analyzer.WebUI.csproj", "{923B46FD-414F-44B7-B6AD-03472586000F}"
EndProject
Project("{FAE04EC0-301F-11D3-BF4B-00C04F79EFBC}") = "SEO_Analyzer.Tests", "SEO_Analyzer.Tests\SEO_Analyzer.Tests.csproj", "{85E738EC-679E-4C83-AAF9-349B2E1838D0}"
EndProject
Project("{FAE04EC0-301F-11D3-BF4B-00C04F79EFBC}") = "SEO_Analyzer.BLL", "SEO_Analyzer.BLL\SEO_Analyzer.BLL.csproj", "{68B4BECB-5CD6-4EFA-8D04-978D9DA8180B}"
EndProject
Project("{FAE04EC0-301F-11D3-BF4B-00C04F79EFBC}") = "SEO_Analyzer.DAL", "SEO_Analyzer.DAL\SEO_Analyzer.DAL.csproj", "{56EE378C-607E-43D7-9470-EE46C501DA7F}"
EndProject
Project("{FAE04EC0-301F-11D3-BF4B-00C04F79EFBC}") = "SEO_Analyzer.Cross_Cutting", "SEO_Analyzer.Cross_Cutting\SEO_Analyzer.Cross_Cutting.csproj", "{F0AB15C3-DFB8-4977-9CFA-74886C194627}"
EndProject
Global
	GlobalSection(SolutionConfigurationPlatforms) = preSolution
		Debug|Any CPU = Debug|Any CPU
		Release|Any CPU = Release|Any CPU
	EndGlobalSection
	GlobalSection(ProjectConfigurationPlatforms) = postSolution
		{923B46FD-414F-44B7-B6AD-03472586000F}.Debug|Any CPU.ActiveCfg = Debug|Any CPU
		{923B46FD-414F-44B7-B6AD-03472586000F}.Debug|Any CPU.Build.0 = Debug|Any CPU
		{923B46FD-414F-44B7-B6AD-03472586000F}.Release|Any CPU.ActiveCfg = Release|Any CPU
		{923B46FD-414F-44B7-B6AD-03472586000F}.Release|Any CPU.Build.0 = Release|Any CPU
		{85E738EC-679E-4C83-AAF9-349B2E1838D0}.Debug|Any CPU.ActiveCfg = Debug|Any CPU
		{85E738EC-679E-4C83-AAF9-349B2E1838D0}.Debug|Any CPU.Build.0 = Debug|Any CPU
		{85E738EC-679E-4C83-AAF9-349B2E1838D0}.Release|Any CPU.ActiveCfg = Release|Any CPU
		{85E738EC-679E-4C83-AAF9-349B2E1838D0}.Release|Any CPU.Build.0 = Release|Any CPU
		{68B4BECB-5CD6-4EFA-8D04-978D9DA8180B}.Debug|Any CPU.ActiveCfg = Debug|Any CPU
		{68B4BECB-5CD6-4EFA-8D04-978D9DA8180B}.Debug|Any CPU.Build.0 = Debug|Any CPU
		{68B4BECB-5CD6-4EFA-8D04-978D9DA8180B}.Release|Any CPU.ActiveCfg = Release|Any CPU
		{68B4BECB-5CD6-4EFA-8D04-978D9DA8180B}.Release|Any CPU.Build.0 = Release|Any CPU
		{56EE378C-607E-43D7-9470-EE46C501DA7F}.Debug|Any CPU.ActiveCfg = Debug|Any CPU
		{56EE378C-607E-43D7-9470-EE46C501DA7F}.Debug|Any CPU.Build.0 = Debug|Any CPU
		{56EE378C-607E-43D7-9470-EE46C501DA7F}.Release|Any CPU.ActiveCfg = Release|Any CPU
		{56EE378C-607E-43D7-9470-EE46C501DA7F}.Release|Any CPU.Build.0 = Release|Any CPU
		{F0AB15C3-DFB8-4977-9CFA-74886C194627}.Debug|Any CPU.ActiveCfg = Debug|Any CPU
		{F0AB15C3-DFB8-4977-9CFA-74886C194627}.Debug|Any CPU.Build.0 = Debug|Any CPU
		{F0AB15C3-DFB8-4977-9CFA-74886C194627}.Release|Any CPU.ActiveCfg = Release|Any CPU
		{F0AB15C3-DFB8-4977-9CFA-74886C194627}.Release|Any CPU.Build.0 = Release|Any CPU
	EndGlobalSection
	GlobalSection(SolutionProperties) = preSolution
		HideSolutionNode = FALSE
	EndGlobalSection
EndGlobal
