
Microsoft Visual Studio Solution File, Format Version 12.00
# Visual Studio 14
VisualStudioVersion = 14.0.22823.1
MinimumVisualStudioVersion = 10.0.40219.1
Project("{FAE04EC0-301F-11D3-BF4B-00C04F79EFBC}") = "Garage.DAL", "Garage.DAL\Garage.DAL.csproj", "{58DA1B12-7D71-475F-8F5A-9A2E426E8000}"
EndProject
Project("{FAE04EC0-301F-11D3-BF4B-00C04F79EFBC}") = "Garage.BLL", "Garage.BLL\Garage.BLL.csproj", "{23D62B68-1182-485B-B7E2-AD709F32935F}"
EndProject
Project("{FAE04EC0-301F-11D3-BF4B-00C04F79EFBC}") = "Garage.Web", "Garage.Web\Garage.Web.csproj", "{7CF077A7-CF91-4223-B144-3E19C49C2FF2}"
EndProject
Global
	GlobalSection(SolutionConfigurationPlatforms) = preSolution
		Debug|Any CPU = Debug|Any CPU
		Release|Any CPU = Release|Any CPU
	EndGlobalSection
	GlobalSection(ProjectConfigurationPlatforms) = postSolution
		{58DA1B12-7D71-475F-8F5A-9A2E426E8000}.Debug|Any CPU.ActiveCfg = Debug|Any CPU
		{58DA1B12-7D71-475F-8F5A-9A2E426E8000}.Debug|Any CPU.Build.0 = Debug|Any CPU
		{58DA1B12-7D71-475F-8F5A-9A2E426E8000}.Release|Any CPU.ActiveCfg = Release|Any CPU
		{58DA1B12-7D71-475F-8F5A-9A2E426E8000}.Release|Any CPU.Build.0 = Release|Any CPU
		{23D62B68-1182-485B-B7E2-AD709F32935F}.Debug|Any CPU.ActiveCfg = Debug|Any CPU
		{23D62B68-1182-485B-B7E2-AD709F32935F}.Debug|Any CPU.Build.0 = Debug|Any CPU
		{23D62B68-1182-485B-B7E2-AD709F32935F}.Release|Any CPU.ActiveCfg = Release|Any CPU
		{23D62B68-1182-485B-B7E2-AD709F32935F}.Release|Any CPU.Build.0 = Release|Any CPU
		{7CF077A7-CF91-4223-B144-3E19C49C2FF2}.Debug|Any CPU.ActiveCfg = Debug|Any CPU
		{7CF077A7-CF91-4223-B144-3E19C49C2FF2}.Debug|Any CPU.Build.0 = Debug|Any CPU
		{7CF077A7-CF91-4223-B144-3E19C49C2FF2}.Release|Any CPU.ActiveCfg = Release|Any CPU
		{7CF077A7-CF91-4223-B144-3E19C49C2FF2}.Release|Any CPU.Build.0 = Release|Any CPU
	EndGlobalSection
	GlobalSection(SolutionProperties) = preSolution
		HideSolutionNode = FALSE
	EndGlobalSection
EndGlobal
